
Microsoft Visual Studio Solution File, Format Version 12.00
# Visual Studio Version 16
VisualStudioVersion = 16.0.29709.97
MinimumVisualStudioVersion = 10.0.40219.1
Project("{FAE04EC0-301F-11D3-BF4B-00C04F79EFBC}") = "Practice 5.1", "Practice 5.1\Practice 5.1.csproj", "{4422A064-03A6-416C-9423-5809825E54A3}"
EndProject
Global
	GlobalSection(SolutionConfigurationPlatforms) = preSolution
		Debug|Any CPU = Debug|Any CPU
		Release|Any CPU = Release|Any CPU
	EndGlobalSection
	GlobalSection(ProjectConfigurationPlatforms) = postSolution
		{4422A064-03A6-416C-9423-5809825E54A3}.Debug|Any CPU.ActiveCfg = Debug|Any CPU
		{4422A064-03A6-416C-9423-5809825E54A3}.Debug|Any CPU.Build.0 = Debug|Any CPU
		{4422A064-03A6-416C-9423-5809825E54A3}.Release|Any CPU.ActiveCfg = Release|Any CPU
		{4422A064-03A6-416C-9423-5809825E54A3}.Release|Any CPU.Build.0 = Release|Any CPU
	EndGlobalSection
	GlobalSection(SolutionProperties) = preSolution
		HideSolutionNode = FALSE
	EndGlobalSection
	GlobalSection(ExtensibilityGlobals) = postSolution
		SolutionGuid = {1EE10C15-282D-4BD7-9111-0A5EA8312BFE}
	EndGlobalSection
EndGlobal
