
Microsoft Visual Studio Solution File, Format Version 12.00
# Visual Studio Version 16
VisualStudioVersion = 16.0.29709.97
MinimumVisualStudioVersion = 10.0.40219.1
Project("{FAE04EC0-301F-11D3-BF4B-00C04F79EFBC}") = "Practice 7.2 WF", "Practice 7.2 WF\Practice 7.2 WF.csproj", "{D620D82A-70DF-493B-872B-AC87EC53EDB0}"
EndProject
Global
	GlobalSection(SolutionConfigurationPlatforms) = preSolution
		Debug|Any CPU = Debug|Any CPU
		Release|Any CPU = Release|Any CPU
	EndGlobalSection
	GlobalSection(ProjectConfigurationPlatforms) = postSolution
		{D620D82A-70DF-493B-872B-AC87EC53EDB0}.Debug|Any CPU.ActiveCfg = Debug|Any CPU
		{D620D82A-70DF-493B-872B-AC87EC53EDB0}.Debug|Any CPU.Build.0 = Debug|Any CPU
		{D620D82A-70DF-493B-872B-AC87EC53EDB0}.Release|Any CPU.ActiveCfg = Release|Any CPU
		{D620D82A-70DF-493B-872B-AC87EC53EDB0}.Release|Any CPU.Build.0 = Release|Any CPU
	EndGlobalSection
	GlobalSection(SolutionProperties) = preSolution
		HideSolutionNode = FALSE
	EndGlobalSection
	GlobalSection(ExtensibilityGlobals) = postSolution
		SolutionGuid = {959890B3-5D8B-426C-8776-4C8305EB339B}
	EndGlobalSection
EndGlobal
