
Microsoft Visual Studio Solution File, Format Version 12.00
# Visual Studio Version 16
VisualStudioVersion = 16.0.29709.97
MinimumVisualStudioVersion = 10.0.40219.1
Project("{FAE04EC0-301F-11D3-BF4B-00C04F79EFBC}") = "Practice 6.3", "Practice 6.3\Practice 6.3.csproj", "{BDB26EA0-288A-4607-8E26-E03EFE5C3035}"
EndProject
Global
	GlobalSection(SolutionConfigurationPlatforms) = preSolution
		Debug|Any CPU = Debug|Any CPU
		Release|Any CPU = Release|Any CPU
	EndGlobalSection
	GlobalSection(ProjectConfigurationPlatforms) = postSolution
		{BDB26EA0-288A-4607-8E26-E03EFE5C3035}.Debug|Any CPU.ActiveCfg = Debug|Any CPU
		{BDB26EA0-288A-4607-8E26-E03EFE5C3035}.Debug|Any CPU.Build.0 = Debug|Any CPU
		{BDB26EA0-288A-4607-8E26-E03EFE5C3035}.Release|Any CPU.ActiveCfg = Release|Any CPU
		{BDB26EA0-288A-4607-8E26-E03EFE5C3035}.Release|Any CPU.Build.0 = Release|Any CPU
	EndGlobalSection
	GlobalSection(SolutionProperties) = preSolution
		HideSolutionNode = FALSE
	EndGlobalSection
	GlobalSection(ExtensibilityGlobals) = postSolution
		SolutionGuid = {3FCB0800-F6A6-4CC6-BB1C-F79BF53A162D}
	EndGlobalSection
EndGlobal
