
Microsoft Visual Studio Solution File, Format Version 12.00
# Visual Studio Version 16
VisualStudioVersion = 16.0.29709.97
MinimumVisualStudioVersion = 10.0.40219.1
Project("{FAE04EC0-301F-11D3-BF4B-00C04F79EFBC}") = "Practice 2.1WF", "Practice 2.1WF\Practice 2.1WF.csproj", "{017428D5-77BF-42E3-B225-E0A0971479EE}"
EndProject
Global
	GlobalSection(SolutionConfigurationPlatforms) = preSolution
		Debug|Any CPU = Debug|Any CPU
		Release|Any CPU = Release|Any CPU
	EndGlobalSection
	GlobalSection(ProjectConfigurationPlatforms) = postSolution
		{017428D5-77BF-42E3-B225-E0A0971479EE}.Debug|Any CPU.ActiveCfg = Debug|Any CPU
		{017428D5-77BF-42E3-B225-E0A0971479EE}.Debug|Any CPU.Build.0 = Debug|Any CPU
		{017428D5-77BF-42E3-B225-E0A0971479EE}.Release|Any CPU.ActiveCfg = Release|Any CPU
		{017428D5-77BF-42E3-B225-E0A0971479EE}.Release|Any CPU.Build.0 = Release|Any CPU
	EndGlobalSection
	GlobalSection(SolutionProperties) = preSolution
		HideSolutionNode = FALSE
	EndGlobalSection
	GlobalSection(ExtensibilityGlobals) = postSolution
		SolutionGuid = {6B47E14C-AABE-4CB1-BCBD-6A4CF54474DE}
	EndGlobalSection
EndGlobal
