
Microsoft Visual Studio Solution File, Format Version 12.00
# Visual Studio Version 16
VisualStudioVersion = 16.0.29709.97
MinimumVisualStudioVersion = 10.0.40219.1
Project("{FAE04EC0-301F-11D3-BF4B-00C04F79EFBC}") = "Practice 3.1", "Practice 3.1\Practice 3.1.csproj", "{4CE9A480-A2C5-42E9-B9B1-46EEBE5AC759}"
EndProject
Global
	GlobalSection(SolutionConfigurationPlatforms) = preSolution
		Debug|Any CPU = Debug|Any CPU
		Release|Any CPU = Release|Any CPU
	EndGlobalSection
	GlobalSection(ProjectConfigurationPlatforms) = postSolution
		{4CE9A480-A2C5-42E9-B9B1-46EEBE5AC759}.Debug|Any CPU.ActiveCfg = Debug|Any CPU
		{4CE9A480-A2C5-42E9-B9B1-46EEBE5AC759}.Debug|Any CPU.Build.0 = Debug|Any CPU
		{4CE9A480-A2C5-42E9-B9B1-46EEBE5AC759}.Release|Any CPU.ActiveCfg = Release|Any CPU
		{4CE9A480-A2C5-42E9-B9B1-46EEBE5AC759}.Release|Any CPU.Build.0 = Release|Any CPU
	EndGlobalSection
	GlobalSection(SolutionProperties) = preSolution
		HideSolutionNode = FALSE
	EndGlobalSection
	GlobalSection(ExtensibilityGlobals) = postSolution
		SolutionGuid = {B4DC626F-BABE-4FF9-88FB-7D97B15B8073}
	EndGlobalSection
EndGlobal
