
Microsoft Visual Studio Solution File, Format Version 12.00
# Visual Studio Version 16
VisualStudioVersion = 16.0.29709.97
MinimumVisualStudioVersion = 10.0.40219.1
Project("{FAE04EC0-301F-11D3-BF4B-00C04F79EFBC}") = "Practice 2.3", "Practice 2.3\Practice 2.3.csproj", "{5565C4E5-1E78-46BD-8419-7B446443C4BA}"
EndProject
Global
	GlobalSection(SolutionConfigurationPlatforms) = preSolution
		Debug|Any CPU = Debug|Any CPU
		Release|Any CPU = Release|Any CPU
	EndGlobalSection
	GlobalSection(ProjectConfigurationPlatforms) = postSolution
		{5565C4E5-1E78-46BD-8419-7B446443C4BA}.Debug|Any CPU.ActiveCfg = Debug|Any CPU
		{5565C4E5-1E78-46BD-8419-7B446443C4BA}.Debug|Any CPU.Build.0 = Debug|Any CPU
		{5565C4E5-1E78-46BD-8419-7B446443C4BA}.Release|Any CPU.ActiveCfg = Release|Any CPU
		{5565C4E5-1E78-46BD-8419-7B446443C4BA}.Release|Any CPU.Build.0 = Release|Any CPU
	EndGlobalSection
	GlobalSection(SolutionProperties) = preSolution
		HideSolutionNode = FALSE
	EndGlobalSection
	GlobalSection(ExtensibilityGlobals) = postSolution
		SolutionGuid = {60963E52-045C-4A0D-BD9A-E7090AD3A345}
	EndGlobalSection
EndGlobal
